// !$*UTF8*$!
{
	archiveVersion = 1;
	classes = {
	};
	objectVersion = 52;
	objects = {

/* Begin PBXBuildFile section */
		7987C88F25D5D4A000F76AC1 /* NewsApp.swift in Sources */ = {isa = PBXBuildFile; fileRef = 7987C88E25D5D4A000F76AC1 /* NewsApp.swift */; };
		7987C89125D5D4A000F76AC1 /* ContentView.swift in Sources */ = {isa = PBXBuildFile; fileRef = 7987C89025D5D4A000F76AC1 /* ContentView.swift */; };
		7987C89325D5D4A200F76AC1 /* Assets.xcassets in Resources */ = {isa = PBXBuildFile; fileRef = 7987C89225D5D4A200F76AC1 /* Assets.xcassets */; };
		7987C89625D5D4A200F76AC1 /* Preview Assets.xcassets in Resources */ = {isa = PBXBuildFile; fileRef = 7987C89525D5D4A200F76AC1 /* Preview Assets.xcassets */; };
		7987C8A125D5D4A200F76AC1 /* NewsTests.swift in Sources */ = {isa = PBXBuildFile; fileRef = 7987C8A025D5D4A200F76AC1 /* NewsTests.swift */; };
		7987C8AC25D5D4A200F76AC1 /* NewsUITests.swift in Sources */ = {isa = PBXBuildFile; fileRef = 7987C8AB25D5D4A200F76AC1 /* NewsUITests.swift */; };
		7987C8C625D5D61C00F76AC1 /* NewsNetwork.swift in Sources */ = {isa = PBXBuildFile; fileRef = 7987C8C525D5D61C00F76AC1 /* NewsNetwork.swift */; };
		7987C8D125D5D7FC00F76AC1 /* Story.swift in Sources */ = {isa = PBXBuildFile; fileRef = 7987C8D025D5D7FC00F76AC1 /* Story.swift */; };
		79E5FBE025D5E93B0028F689 /* APIClient.swift in Sources */ = {isa = PBXBuildFile; fileRef = 79E5FBDF25D5E93B0028F689 /* APIClient.swift */; };
		79E5FBE625D5E9CC0028F689 /* VolonbolonKit in Frameworks */ = {isa = PBXBuildFile; productRef = 79E5FBE525D5E9CC0028F689 /* VolonbolonKit */; };
		79E5FBE725D5E9CC0028F689 /* VolonbolonKit in Embed Frameworks */ = {isa = PBXBuildFile; productRef = 79E5FBE525D5E9CC0028F689 /* VolonbolonKit */; settings = {ATTRIBUTES = (CodeSignOnCopy, ); }; };
		79E5FBF925D5FB180028F689 /* ReaderViewModel.swift in Sources */ = {isa = PBXBuildFile; fileRef = 79E5FBF825D5FB180028F689 /* ReaderViewModel.swift */; };
/* End PBXBuildFile section */

/* Begin PBXContainerItemProxy section */
		7987C89D25D5D4A200F76AC1 /* PBXContainerItemProxy */ = {
			isa = PBXContainerItemProxy;
			containerPortal = 7987C88325D5D4A000F76AC1 /* Project object */;
			proxyType = 1;
			remoteGlobalIDString = 7987C88A25D5D4A000F76AC1;
			remoteInfo = News;
		};
		7987C8A825D5D4A200F76AC1 /* PBXContainerItemProxy */ = {
			isa = PBXContainerItemProxy;
			containerPortal = 7987C88325D5D4A000F76AC1 /* Project object */;
			proxyType = 1;
			remoteGlobalIDString = 7987C88A25D5D4A000F76AC1;
			remoteInfo = News;
		};
/* End PBXContainerItemProxy section */

/* Begin PBXCopyFilesBuildPhase section */
		79E5FBE825D5E9CC0028F689 /* Embed Frameworks */ = {
			isa = PBXCopyFilesBuildPhase;
			buildActionMask = 2147483647;
			dstPath = "";
			dstSubfolderSpec = 10;
			files = (
				79E5FBE725D5E9CC0028F689 /* VolonbolonKit in Embed Frameworks */,
			);
			name = "Embed Frameworks";
			runOnlyForDeploymentPostprocessing = 0;
		};
/* End PBXCopyFilesBuildPhase section */

/* Begin PBXFileReference section */
		7987C88B25D5D4A000F76AC1 /* News.app */ = {isa = PBXFileReference; explicitFileType = wrapper.application; includeInIndex = 0; path = News.app; sourceTree = BUILT_PRODUCTS_DIR; };
		7987C88E25D5D4A000F76AC1 /* NewsApp.swift */ = {isa = PBXFileReference; lastKnownFileType = sourcecode.swift; path = NewsApp.swift; sourceTree = "<group>"; };
		7987C89025D5D4A000F76AC1 /* ContentView.swift */ = {isa = PBXFileReference; lastKnownFileType = sourcecode.swift; path = ContentView.swift; sourceTree = "<group>"; };
		7987C89225D5D4A200F76AC1 /* Assets.xcassets */ = {isa = PBXFileReference; lastKnownFileType = folder.assetcatalog; path = Assets.xcassets; sourceTree = "<group>"; };
		7987C89525D5D4A200F76AC1 /* Preview Assets.xcassets */ = {isa = PBXFileReference; lastKnownFileType = folder.assetcatalog; path = "Preview Assets.xcassets"; sourceTree = "<group>"; };
		7987C89725D5D4A200F76AC1 /* Info.plist */ = {isa = PBXFileReference; lastKnownFileType = text.plist.xml; path = Info.plist; sourceTree = "<group>"; };
		7987C89C25D5D4A200F76AC1 /* NewsTests.xctest */ = {isa = PBXFileReference; explicitFileType = wrapper.cfbundle; includeInIndex = 0; path = NewsTests.xctest; sourceTree = BUILT_PRODUCTS_DIR; };
		7987C8A025D5D4A200F76AC1 /* NewsTests.swift */ = {isa = PBXFileReference; lastKnownFileType = sourcecode.swift; path = NewsTests.swift; sourceTree = "<group>"; };
		7987C8A225D5D4A200F76AC1 /* Info.plist */ = {isa = PBXFileReference; lastKnownFileType = text.plist.xml; path = Info.plist; sourceTree = "<group>"; };
		7987C8A725D5D4A200F76AC1 /* NewsUITests.xctest */ = {isa = PBXFileReference; explicitFileType = wrapper.cfbundle; includeInIndex = 0; path = NewsUITests.xctest; sourceTree = BUILT_PRODUCTS_DIR; };
		7987C8AB25D5D4A200F76AC1 /* NewsUITests.swift */ = {isa = PBXFileReference; lastKnownFileType = sourcecode.swift; path = NewsUITests.swift; sourceTree = "<group>"; };
		7987C8AD25D5D4A200F76AC1 /* Info.plist */ = {isa = PBXFileReference; lastKnownFileType = text.plist.xml; path = Info.plist; sourceTree = "<group>"; };
		7987C8C525D5D61C00F76AC1 /* NewsNetwork.swift */ = {isa = PBXFileReference; lastKnownFileType = sourcecode.swift; path = NewsNetwork.swift; sourceTree = "<group>"; };
		7987C8D025D5D7FC00F76AC1 /* Story.swift */ = {isa = PBXFileReference; lastKnownFileType = sourcecode.swift; path = Story.swift; sourceTree = "<group>"; };
		79E5FBDF25D5E93B0028F689 /* APIClient.swift */ = {isa = PBXFileReference; lastKnownFileType = sourcecode.swift; path = APIClient.swift; sourceTree = "<group>"; };
		79E5FBF825D5FB180028F689 /* ReaderViewModel.swift */ = {isa = PBXFileReference; lastKnownFileType = sourcecode.swift; path = ReaderViewModel.swift; sourceTree = "<group>"; };
/* End PBXFileReference section */

/* Begin PBXFrameworksBuildPhase section */
		7987C88825D5D4A000F76AC1 /* Frameworks */ = {
			isa = PBXFrameworksBuildPhase;
			buildActionMask = 2147483647;
			files = (
				79E5FBE625D5E9CC0028F689 /* VolonbolonKit in Frameworks */,
			);
			runOnlyForDeploymentPostprocessing = 0;
		};
		7987C89925D5D4A200F76AC1 /* Frameworks */ = {
			isa = PBXFrameworksBuildPhase;
			buildActionMask = 2147483647;
			files = (
			);
			runOnlyForDeploymentPostprocessing = 0;
		};
		7987C8A425D5D4A200F76AC1 /* Frameworks */ = {
			isa = PBXFrameworksBuildPhase;
			buildActionMask = 2147483647;
			files = (
			);
			runOnlyForDeploymentPostprocessing = 0;
		};
/* End PBXFrameworksBuildPhase section */

/* Begin PBXGroup section */
		7987C88225D5D4A000F76AC1 = {
			isa = PBXGroup;
			children = (
				79E5FC0025D5FC370028F689 /* NewsKit */,
				79E5FBD825D5E8C30028F689 /* NewsUIKit */,
				7987C88D25D5D4A000F76AC1 /* News */,
				7987C89F25D5D4A200F76AC1 /* NewsTests */,
				7987C8AA25D5D4A200F76AC1 /* NewsUITests */,
				7987C88C25D5D4A000F76AC1 /* Products */,
			);
			sourceTree = "<group>";
		};
		7987C88C25D5D4A000F76AC1 /* Products */ = {
			isa = PBXGroup;
			children = (
				7987C88B25D5D4A000F76AC1 /* News.app */,
				7987C89C25D5D4A200F76AC1 /* NewsTests.xctest */,
				7987C8A725D5D4A200F76AC1 /* NewsUITests.xctest */,
			);
			name = Products;
			sourceTree = "<group>";
		};
		7987C88D25D5D4A000F76AC1 /* News */ = {
			isa = PBXGroup;
			children = (
				7987C88E25D5D4A000F76AC1 /* NewsApp.swift */,
				7987C89025D5D4A000F76AC1 /* ContentView.swift */,
				7987C89225D5D4A200F76AC1 /* Assets.xcassets */,
				7987C89725D5D4A200F76AC1 /* Info.plist */,
				7987C89425D5D4A200F76AC1 /* Preview Content */,
			);
			path = News;
			sourceTree = "<group>";
		};
		7987C89425D5D4A200F76AC1 /* Preview Content */ = {
			isa = PBXGroup;
			children = (
				7987C89525D5D4A200F76AC1 /* Preview Assets.xcassets */,
			);
			path = "Preview Content";
			sourceTree = "<group>";
		};
		7987C89F25D5D4A200F76AC1 /* NewsTests */ = {
			isa = PBXGroup;
			children = (
				7987C8A025D5D4A200F76AC1 /* NewsTests.swift */,
				7987C8A225D5D4A200F76AC1 /* Info.plist */,
			);
			path = NewsTests;
			sourceTree = "<group>";
		};
		7987C8AA25D5D4A200F76AC1 /* NewsUITests */ = {
			isa = PBXGroup;
			children = (
				7987C8AB25D5D4A200F76AC1 /* NewsUITests.swift */,
				7987C8AD25D5D4A200F76AC1 /* Info.plist */,
			);
			path = NewsUITests;
			sourceTree = "<group>";
		};
		7987C8BC25D5D5A900F76AC1 /* Repositories */ = {
			isa = PBXGroup;
			children = (
				7987C8C525D5D61C00F76AC1 /* NewsNetwork.swift */,
			);
			path = Repositories;
			sourceTree = "<group>";
		};
		7987C8CF25D5D7F200F76AC1 /* Models */ = {
			isa = PBXGroup;
			children = (
				7987C8D025D5D7FC00F76AC1 /* Story.swift */,
				79E5FBF825D5FB180028F689 /* ReaderViewModel.swift */,
			);
			path = Models;
			sourceTree = "<group>";
		};
		79E5FBD825D5E8C30028F689 /* NewsUIKit */ = {
			isa = PBXGroup;
			children = (
			);
			path = NewsUIKit;
			sourceTree = "<group>";
		};
		79E5FC0025D5FC370028F689 /* NewsKit */ = {
			isa = PBXGroup;
			children = (
				79E5FBDF25D5E93B0028F689 /* APIClient.swift */,
				7987C8BC25D5D5A900F76AC1 /* Repositories */,
				7987C8CF25D5D7F200F76AC1 /* Models */,
			);
			path = NewsKit;
			sourceTree = "<group>";
		};
/* End PBXGroup section */

/* Begin PBXNativeTarget section */
		7987C88A25D5D4A000F76AC1 /* News */ = {
			isa = PBXNativeTarget;
			buildConfigurationList = 7987C8B025D5D4A200F76AC1 /* Build configuration list for PBXNativeTarget "News" */;
			buildPhases = (
				7987C88725D5D4A000F76AC1 /* Sources */,
				7987C88825D5D4A000F76AC1 /* Frameworks */,
				7987C88925D5D4A000F76AC1 /* Resources */,
				79E5FBE825D5E9CC0028F689 /* Embed Frameworks */,
			);
			buildRules = (
			);
			dependencies = (
			);
			name = News;
			packageProductDependencies = (
				79E5FBE525D5E9CC0028F689 /* VolonbolonKit */,
			);
			productName = News;
			productReference = 7987C88B25D5D4A000F76AC1 /* News.app */;
			productType = "com.apple.product-type.application";
		};
		7987C89B25D5D4A200F76AC1 /* NewsTests */ = {
			isa = PBXNativeTarget;
			buildConfigurationList = 7987C8B325D5D4A200F76AC1 /* Build configuration list for PBXNativeTarget "NewsTests" */;
			buildPhases = (
				7987C89825D5D4A200F76AC1 /* Sources */,
				7987C89925D5D4A200F76AC1 /* Frameworks */,
				7987C89A25D5D4A200F76AC1 /* Resources */,
			);
			buildRules = (
			);
			dependencies = (
				7987C89E25D5D4A200F76AC1 /* PBXTargetDependency */,
			);
			name = NewsTests;
			productName = NewsTests;
			productReference = 7987C89C25D5D4A200F76AC1 /* NewsTests.xctest */;
			productType = "com.apple.product-type.bundle.unit-test";
		};
		7987C8A625D5D4A200F76AC1 /* NewsUITests */ = {
			isa = PBXNativeTarget;
			buildConfigurationList = 7987C8B625D5D4A200F76AC1 /* Build configuration list for PBXNativeTarget "NewsUITests" */;
			buildPhases = (
				7987C8A325D5D4A200F76AC1 /* Sources */,
				7987C8A425D5D4A200F76AC1 /* Frameworks */,
				7987C8A525D5D4A200F76AC1 /* Resources */,
			);
			buildRules = (
			);
			dependencies = (
				7987C8A925D5D4A200F76AC1 /* PBXTargetDependency */,
			);
			name = NewsUITests;
			productName = NewsUITests;
			productReference = 7987C8A725D5D4A200F76AC1 /* NewsUITests.xctest */;
			productType = "com.apple.product-type.bundle.ui-testing";
		};
/* End PBXNativeTarget section */

/* Begin PBXProject section */
		7987C88325D5D4A000F76AC1 /* Project object */ = {
			isa = PBXProject;
			attributes = {
				LastSwiftUpdateCheck = 1240;
				LastUpgradeCheck = 1240;
				TargetAttributes = {
					7987C88A25D5D4A000F76AC1 = {
						CreatedOnToolsVersion = 12.4;
					};
					7987C89B25D5D4A200F76AC1 = {
						CreatedOnToolsVersion = 12.4;
						TestTargetID = 7987C88A25D5D4A000F76AC1;
					};
					7987C8A625D5D4A200F76AC1 = {
						CreatedOnToolsVersion = 12.4;
						TestTargetID = 7987C88A25D5D4A000F76AC1;
					};
				};
			};
			buildConfigurationList = 7987C88625D5D4A000F76AC1 /* Build configuration list for PBXProject "News" */;
			compatibilityVersion = "Xcode 9.3";
			developmentRegion = en;
			hasScannedForEncodings = 0;
			knownRegions = (
				en,
				Base,
			);
			mainGroup = 7987C88225D5D4A000F76AC1;
			packageReferences = (
				79E5FBE425D5E9CC0028F689 /* XCRemoteSwiftPackageReference "super-octo-potato" */,
			);
			productRefGroup = 7987C88C25D5D4A000F76AC1 /* Products */;
			projectDirPath = "";
			projectRoot = "";
			targets = (
				7987C88A25D5D4A000F76AC1 /* News */,
				7987C89B25D5D4A200F76AC1 /* NewsTests */,
				7987C8A625D5D4A200F76AC1 /* NewsUITests */,
			);
		};
/* End PBXProject section */

/* Begin PBXResourcesBuildPhase section */
		7987C88925D5D4A000F76AC1 /* Resources */ = {
			isa = PBXResourcesBuildPhase;
			buildActionMask = 2147483647;
			files = (
				7987C89625D5D4A200F76AC1 /* Preview Assets.xcassets in Resources */,
				7987C89325D5D4A200F76AC1 /* Assets.xcassets in Resources */,
			);
			runOnlyForDeploymentPostprocessing = 0;
		};
		7987C89A25D5D4A200F76AC1 /* Resources */ = {
			isa = PBXResourcesBuildPhase;
			buildActionMask = 2147483647;
			files = (
			);
			runOnlyForDeploymentPostprocessing = 0;
		};
		7987C8A525D5D4A200F76AC1 /* Resources */ = {
			isa = PBXResourcesBuildPhase;
			buildActionMask = 2147483647;
			files = (
			);
			runOnlyForDeploymentPostprocessing = 0;
		};
/* End PBXResourcesBuildPhase section */

/* Begin PBXSourcesBuildPhase section */
		7987C88725D5D4A000F76AC1 /* Sources */ = {
			isa = PBXSourcesBuildPhase;
			buildActionMask = 2147483647;
			files = (
				7987C8D125D5D7FC00F76AC1 /* Story.swift in Sources */,
				7987C89125D5D4A000F76AC1 /* ContentView.swift in Sources */,
				79E5FBF925D5FB180028F689 /* ReaderViewModel.swift in Sources */,
				79E5FBE025D5E93B0028F689 /* APIClient.swift in Sources */,
				7987C88F25D5D4A000F76AC1 /* NewsApp.swift in Sources */,
				7987C8C625D5D61C00F76AC1 /* NewsNetwork.swift in Sources */,
			);
			runOnlyForDeploymentPostprocessing = 0;
		};
		7987C89825D5D4A200F76AC1 /* Sources */ = {
			isa = PBXSourcesBuildPhase;
			buildActionMask = 2147483647;
			files = (
				7987C8A125D5D4A200F76AC1 /* NewsTests.swift in Sources */,
			);
			runOnlyForDeploymentPostprocessing = 0;
		};
		7987C8A325D5D4A200F76AC1 /* Sources */ = {
			isa = PBXSourcesBuildPhase;
			buildActionMask = 2147483647;
			files = (
				7987C8AC25D5D4A200F76AC1 /* NewsUITests.swift in Sources */,
			);
			runOnlyForDeploymentPostprocessing = 0;
		};
/* End PBXSourcesBuildPhase section */

/* Begin PBXTargetDependency section */
		7987C89E25D5D4A200F76AC1 /* PBXTargetDependency */ = {
			isa = PBXTargetDependency;
			target = 7987C88A25D5D4A000F76AC1 /* News */;
			targetProxy = 7987C89D25D5D4A200F76AC1 /* PBXContainerItemProxy */;
		};
		7987C8A925D5D4A200F76AC1 /* PBXTargetDependency */ = {
			isa = PBXTargetDependency;
			target = 7987C88A25D5D4A000F76AC1 /* News */;
			targetProxy = 7987C8A825D5D4A200F76AC1 /* PBXContainerItemProxy */;
		};
/* End PBXTargetDependency section */

/* Begin XCBuildConfiguration section */
		7987C8AE25D5D4A200F76AC1 /* Debug */ = {
			isa = XCBuildConfiguration;
			buildSettings = {
				ALWAYS_SEARCH_USER_PATHS = NO;
				CLANG_ANALYZER_NONNULL = YES;
				CLANG_ANALYZER_NUMBER_OBJECT_CONVERSION = YES_AGGRESSIVE;
				CLANG_CXX_LANGUAGE_STANDARD = "gnu++14";
				CLANG_CXX_LIBRARY = "libc++";
				CLANG_ENABLE_MODULES = YES;
				CLANG_ENABLE_OBJC_ARC = YES;
				CLANG_ENABLE_OBJC_WEAK = YES;
				CLANG_WARN_BLOCK_CAPTURE_AUTORELEASING = YES;
				CLANG_WARN_BOOL_CONVERSION = YES;
				CLANG_WARN_COMMA = YES;
				CLANG_WARN_CONSTANT_CONVERSION = YES;
				CLANG_WARN_DEPRECATED_OBJC_IMPLEMENTATIONS = YES;
				CLANG_WARN_DIRECT_OBJC_ISA_USAGE = YES_ERROR;
				CLANG_WARN_DOCUMENTATION_COMMENTS = YES;
				CLANG_WARN_EMPTY_BODY = YES;
				CLANG_WARN_ENUM_CONVERSION = YES;
				CLANG_WARN_INFINITE_RECURSION = YES;
				CLANG_WARN_INT_CONVERSION = YES;
				CLANG_WARN_NON_LITERAL_NULL_CONVERSION = YES;
				CLANG_WARN_OBJC_IMPLICIT_RETAIN_SELF = YES;
				CLANG_WARN_OBJC_LITERAL_CONVERSION = YES;
				CLANG_WARN_OBJC_ROOT_CLASS = YES_ERROR;
				CLANG_WARN_QUOTED_INCLUDE_IN_FRAMEWORK_HEADER = YES;
				CLANG_WARN_RANGE_LOOP_ANALYSIS = YES;
				CLANG_WARN_STRICT_PROTOTYPES = YES;
				CLANG_WARN_SUSPICIOUS_MOVE = YES;
				CLANG_WARN_UNGUARDED_AVAILABILITY = YES_AGGRESSIVE;
				CLANG_WARN_UNREACHABLE_CODE = YES;
				CLANG_WARN__DUPLICATE_METHOD_MATCH = YES;
				COPY_PHASE_STRIP = NO;
				DEBUG_INFORMATION_FORMAT = dwarf;
				ENABLE_STRICT_OBJC_MSGSEND = YES;
				ENABLE_TESTABILITY = YES;
				GCC_C_LANGUAGE_STANDARD = gnu11;
				GCC_DYNAMIC_NO_PIC = NO;
				GCC_NO_COMMON_BLOCKS = YES;
				GCC_OPTIMIZATION_LEVEL = 0;
				GCC_PREPROCESSOR_DEFINITIONS = (
					"DEBUG=1",
					"$(inherited)",
				);
				GCC_WARN_64_TO_32_BIT_CONVERSION = YES;
				GCC_WARN_ABOUT_RETURN_TYPE = YES_ERROR;
				GCC_WARN_UNDECLARED_SELECTOR = YES;
				GCC_WARN_UNINITIALIZED_AUTOS = YES_AGGRESSIVE;
				GCC_WARN_UNUSED_FUNCTION = YES;
				GCC_WARN_UNUSED_VARIABLE = YES;
				IPHONEOS_DEPLOYMENT_TARGET = 14.4;
				MTL_ENABLE_DEBUG_INFO = INCLUDE_SOURCE;
				MTL_FAST_MATH = YES;
				ONLY_ACTIVE_ARCH = YES;
				SDKROOT = iphoneos;
				SWIFT_ACTIVE_COMPILATION_CONDITIONS = DEBUG;
				SWIFT_OPTIMIZATION_LEVEL = "-Onone";
			};
			name = Debug;
		};
		7987C8AF25D5D4A200F76AC1 /* Release */ = {
			isa = XCBuildConfiguration;
			buildSettings = {
				ALWAYS_SEARCH_USER_PATHS = NO;
				CLANG_ANALYZER_NONNULL = YES;
				CLANG_ANALYZER_NUMBER_OBJECT_CONVERSION = YES_AGGRESSIVE;
				CLANG_CXX_LANGUAGE_STANDARD = "gnu++14";
				CLANG_CXX_LIBRARY = "libc++";
				CLANG_ENABLE_MODULES = YES;
				CLANG_ENABLE_OBJC_ARC = YES;
				CLANG_ENABLE_OBJC_WEAK = YES;
				CLANG_WARN_BLOCK_CAPTURE_AUTORELEASING = YES;
				CLANG_WARN_BOOL_CONVERSION = YES;
				CLANG_WARN_COMMA = YES;
				CLANG_WARN_CONSTANT_CONVERSION = YES;
				CLANG_WARN_DEPRECATED_OBJC_IMPLEMENTATIONS = YES;
				CLANG_WARN_DIRECT_OBJC_ISA_USAGE = YES_ERROR;
				CLANG_WARN_DOCUMENTATION_COMMENTS = YES;
				CLANG_WARN_EMPTY_BODY = YES;
				CLANG_WARN_ENUM_CONVERSION = YES;
				CLANG_WARN_INFINITE_RECURSION = YES;
				CLANG_WARN_INT_CONVERSION = YES;
				CLANG_WARN_NON_LITERAL_NULL_CONVERSION = YES;
				CLANG_WARN_OBJC_IMPLICIT_RETAIN_SELF = YES;
				CLANG_WARN_OBJC_LITERAL_CONVERSION = YES;
				CLANG_WARN_OBJC_ROOT_CLASS = YES_ERROR;
				CLANG_WARN_QUOTED_INCLUDE_IN_FRAMEWORK_HEADER = YES;
				CLANG_WARN_RANGE_LOOP_ANALYSIS = YES;
				CLANG_WARN_STRICT_PROTOTYPES = YES;
				CLANG_WARN_SUSPICIOUS_MOVE = YES;
				CLANG_WARN_UNGUARDED_AVAILABILITY = YES_AGGRESSIVE;
				CLANG_WARN_UNREACHABLE_CODE = YES;
				CLANG_WARN__DUPLICATE_METHOD_MATCH = YES;
				COPY_PHASE_STRIP = NO;
				DEBUG_INFORMATION_FORMAT = "dwarf-with-dsym";
				ENABLE_NS_ASSERTIONS = NO;
				ENABLE_STRICT_OBJC_MSGSEND = YES;
				GCC_C_LANGUAGE_STANDARD = gnu11;
				GCC_NO_COMMON_BLOCKS = YES;
				GCC_WARN_64_TO_32_BIT_CONVERSION = YES;
				GCC_WARN_ABOUT_RETURN_TYPE = YES_ERROR;
				GCC_WARN_UNDECLARED_SELECTOR = YES;
				GCC_WARN_UNINITIALIZED_AUTOS = YES_AGGRESSIVE;
				GCC_WARN_UNUSED_FUNCTION = YES;
				GCC_WARN_UNUSED_VARIABLE = YES;
				IPHONEOS_DEPLOYMENT_TARGET = 14.4;
				MTL_ENABLE_DEBUG_INFO = NO;
				MTL_FAST_MATH = YES;
				SDKROOT = iphoneos;
				SWIFT_COMPILATION_MODE = wholemodule;
				SWIFT_OPTIMIZATION_LEVEL = "-O";
				VALIDATE_PRODUCT = YES;
			};
			name = Release;
		};
		7987C8B125D5D4A200F76AC1 /* Debug */ = {
			isa = XCBuildConfiguration;
			buildSettings = {
				ASSETCATALOG_COMPILER_APPICON_NAME = AppIcon;
				ASSETCATALOG_COMPILER_GLOBAL_ACCENT_COLOR_NAME = AccentColor;
				CODE_SIGN_STYLE = Automatic;
				DEVELOPMENT_ASSET_PATHS = "\"News/Preview Content\"";
				ENABLE_PREVIEWS = YES;
				INFOPLIST_FILE = News/Info.plist;
				IPHONEOS_DEPLOYMENT_TARGET = 14.0;
				LD_RUNPATH_SEARCH_PATHS = (
					"$(inherited)",
					"@executable_path/Frameworks",
				);
				PRODUCT_BUNDLE_IDENTIFIER = VolonBolon.News;
				PRODUCT_NAME = "$(TARGET_NAME)";
				SWIFT_VERSION = 5.0;
				TARGETED_DEVICE_FAMILY = "1,2";
			};
			name = Debug;
		};
		7987C8B225D5D4A200F76AC1 /* Release */ = {
			isa = XCBuildConfiguration;
			buildSettings = {
				ASSETCATALOG_COMPILER_APPICON_NAME = AppIcon;
				ASSETCATALOG_COMPILER_GLOBAL_ACCENT_COLOR_NAME = AccentColor;
				CODE_SIGN_STYLE = Automatic;
				DEVELOPMENT_ASSET_PATHS = "\"News/Preview Content\"";
				ENABLE_PREVIEWS = YES;
				INFOPLIST_FILE = News/Info.plist;
				IPHONEOS_DEPLOYMENT_TARGET = 14.0;
				LD_RUNPATH_SEARCH_PATHS = (
					"$(inherited)",
					"@executable_path/Frameworks",
				);
				PRODUCT_BUNDLE_IDENTIFIER = VolonBolon.News;
				PRODUCT_NAME = "$(TARGET_NAME)";
				SWIFT_VERSION = 5.0;
				TARGETED_DEVICE_FAMILY = "1,2";
			};
			name = Release;
		};
		7987C8B425D5D4A200F76AC1 /* Debug */ = {
			isa = XCBuildConfiguration;
			buildSettings = {
				ALWAYS_EMBED_SWIFT_STANDARD_LIBRARIES = YES;
				BUNDLE_LOADER = "$(TEST_HOST)";
				CODE_SIGN_STYLE = Automatic;
				INFOPLIST_FILE = NewsTests/Info.plist;
				IPHONEOS_DEPLOYMENT_TARGET = 14.0;
				LD_RUNPATH_SEARCH_PATHS = (
					"$(inherited)",
					"@executable_path/Frameworks",
					"@loader_path/Frameworks",
				);
				PRODUCT_BUNDLE_IDENTIFIER = VolonBolon.NewsTests;
				PRODUCT_NAME = "$(TARGET_NAME)";
				SWIFT_VERSION = 5.0;
				TARGETED_DEVICE_FAMILY = "1,2";
				TEST_HOST = "$(BUILT_PRODUCTS_DIR)/News.app/News";
			};
			name = Debug;
		};
		7987C8B525D5D4A200F76AC1 /* Release */ = {
			isa = XCBuildConfiguration;
			buildSettings = {
				ALWAYS_EMBED_SWIFT_STANDARD_LIBRARIES = YES;
				BUNDLE_LOADER = "$(TEST_HOST)";
				CODE_SIGN_STYLE = Automatic;
				INFOPLIST_FILE = NewsTests/Info.plist;
				IPHONEOS_DEPLOYMENT_TARGET = 14.0;
				LD_RUNPATH_SEARCH_PATHS = (
					"$(inherited)",
					"@executable_path/Frameworks",
					"@loader_path/Frameworks",
				);
				PRODUCT_BUNDLE_IDENTIFIER = VolonBolon.NewsTests;
				PRODUCT_NAME = "$(TARGET_NAME)";
				SWIFT_VERSION = 5.0;
				TARGETED_DEVICE_FAMILY = "1,2";
				TEST_HOST = "$(BUILT_PRODUCTS_DIR)/News.app/News";
			};
			name = Release;
		};
		7987C8B725D5D4A200F76AC1 /* Debug */ = {
			isa = XCBuildConfiguration;
			buildSettings = {
				ALWAYS_EMBED_SWIFT_STANDARD_LIBRARIES = YES;
				CODE_SIGN_STYLE = Automatic;
				INFOPLIST_FILE = NewsUITests/Info.plist;
				LD_RUNPATH_SEARCH_PATHS = (
					"$(inherited)",
					"@executable_path/Frameworks",
					"@loader_path/Frameworks",
				);
				PRODUCT_BUNDLE_IDENTIFIER = VolonBolon.NewsUITests;
				PRODUCT_NAME = "$(TARGET_NAME)";
				SWIFT_VERSION = 5.0;
				TARGETED_DEVICE_FAMILY = "1,2";
				TEST_TARGET_NAME = News;
			};
			name = Debug;
		};
		7987C8B825D5D4A200F76AC1 /* Release */ = {
			isa = XCBuildConfiguration;
			buildSettings = {
				ALWAYS_EMBED_SWIFT_STANDARD_LIBRARIES = YES;
				CODE_SIGN_STYLE = Automatic;
				INFOPLIST_FILE = NewsUITests/Info.plist;
				LD_RUNPATH_SEARCH_PATHS = (
					"$(inherited)",
					"@executable_path/Frameworks",
					"@loader_path/Frameworks",
				);
				PRODUCT_BUNDLE_IDENTIFIER = VolonBolon.NewsUITests;
				PRODUCT_NAME = "$(TARGET_NAME)";
				SWIFT_VERSION = 5.0;
				TARGETED_DEVICE_FAMILY = "1,2";
				TEST_TARGET_NAME = News;
			};
			name = Release;
		};
/* End XCBuildConfiguration section */

/* Begin XCConfigurationList section */
		7987C88625D5D4A000F76AC1 /* Build configuration list for PBXProject "News" */ = {
			isa = XCConfigurationList;
			buildConfigurations = (
				7987C8AE25D5D4A200F76AC1 /* Debug */,
				7987C8AF25D5D4A200F76AC1 /* Release */,
			);
			defaultConfigurationIsVisible = 0;
			defaultConfigurationName = Release;
		};
		7987C8B025D5D4A200F76AC1 /* Build configuration list for PBXNativeTarget "News" */ = {
			isa = XCConfigurationList;
			buildConfigurations = (
				7987C8B125D5D4A200F76AC1 /* Debug */,
				7987C8B225D5D4A200F76AC1 /* Release */,
			);
			defaultConfigurationIsVisible = 0;
			defaultConfigurationName = Release;
		};
		7987C8B325D5D4A200F76AC1 /* Build configuration list for PBXNativeTarget "NewsTests" */ = {
			isa = XCConfigurationList;
			buildConfigurations = (
				7987C8B425D5D4A200F76AC1 /* Debug */,
				7987C8B525D5D4A200F76AC1 /* Release */,
			);
			defaultConfigurationIsVisible = 0;
			defaultConfigurationName = Release;
		};
		7987C8B625D5D4A200F76AC1 /* Build configuration list for PBXNativeTarget "NewsUITests" */ = {
			isa = XCConfigurationList;
			buildConfigurations = (
				7987C8B725D5D4A200F76AC1 /* Debug */,
				7987C8B825D5D4A200F76AC1 /* Release */,
			);
			defaultConfigurationIsVisible = 0;
			defaultConfigurationName = Release;
		};
/* End XCConfigurationList section */

/* Begin XCRemoteSwiftPackageReference section */
		79E5FBE425D5E9CC0028F689 /* XCRemoteSwiftPackageReference "super-octo-potato" */ = {
			isa = XCRemoteSwiftPackageReference;
			repositoryURL = "https://github.com/volonbolon/super-octo-potato";
			requirement = {
				branch = main;
				kind = branch;
			};
		};
/* End XCRemoteSwiftPackageReference section */

/* Begin XCSwiftPackageProductDependency section */
		79E5FBE525D5E9CC0028F689 /* VolonbolonKit */ = {
			isa = XCSwiftPackageProductDependency;
			package = 79E5FBE425D5E9CC0028F689 /* XCRemoteSwiftPackageReference "super-octo-potato" */;
			productName = VolonbolonKit;
		};
/* End XCSwiftPackageProductDependency section */
	};
	rootObject = 7987C88325D5D4A000F76AC1 /* Project object */;
}
